
Microsoft Visual Studio Solution File, Format Version 12.00
# Visual Studio Version 16
VisualStudioVersion = 16.0.30907.101
MinimumVisualStudioVersion = 10.0.40219.1
Project("{9A19103F-16F7-4668-BE54-9A1E7A4F7556}") = "View2", "View2\View2.csproj", "{4C602413-DACE-43EE-8929-E25BD336E608}"
EndProject
Project("{9A19103F-16F7-4668-BE54-9A1E7A4F7556}") = "BL", "BL\BL.csproj", "{5F4B132F-4AE5-4004-A5E2-08F12DD029E0}"
EndProject
Project("{9A19103F-16F7-4668-BE54-9A1E7A4F7556}") = "Dap", "Dap\Dap.csproj", "{D400171D-0426-43B8-A237-41FA50548426}"
EndProject
Project("{9A19103F-16F7-4668-BE54-9A1E7A4F7556}") = "Model", "Model\Model.csproj", "{05F2ED89-B58A-4644-91D2-F6C2E661703C}"
EndProject
Project("{9A19103F-16F7-4668-BE54-9A1E7A4F7556}") = "EF", "EF\EF.csproj", "{E6062337-1860-4314-AFAF-68378E7BA331}"
EndProject
Project("{9A19103F-16F7-4668-BE54-9A1E7A4F7556}") = "View1", "View1\View1.csproj", "{E1F9EC70-CF52-43A2-A728-4CCF1C8EE81D}"
EndProject
Global
	GlobalSection(SolutionConfigurationPlatforms) = preSolution
		Debug|Any CPU = Debug|Any CPU
		Release|Any CPU = Release|Any CPU
	EndGlobalSection
	GlobalSection(ProjectConfigurationPlatforms) = postSolution
		{4C602413-DACE-43EE-8929-E25BD336E608}.Debug|Any CPU.ActiveCfg = Debug|Any CPU
		{4C602413-DACE-43EE-8929-E25BD336E608}.Debug|Any CPU.Build.0 = Debug|Any CPU
		{4C602413-DACE-43EE-8929-E25BD336E608}.Release|Any CPU.ActiveCfg = Release|Any CPU
		{4C602413-DACE-43EE-8929-E25BD336E608}.Release|Any CPU.Build.0 = Release|Any CPU
		{5F4B132F-4AE5-4004-A5E2-08F12DD029E0}.Debug|Any CPU.ActiveCfg = Debug|Any CPU
		{5F4B132F-4AE5-4004-A5E2-08F12DD029E0}.Debug|Any CPU.Build.0 = Debug|Any CPU
		{5F4B132F-4AE5-4004-A5E2-08F12DD029E0}.Release|Any CPU.ActiveCfg = Release|Any CPU
		{5F4B132F-4AE5-4004-A5E2-08F12DD029E0}.Release|Any CPU.Build.0 = Release|Any CPU
		{D400171D-0426-43B8-A237-41FA50548426}.Debug|Any CPU.ActiveCfg = Debug|Any CPU
		{D400171D-0426-43B8-A237-41FA50548426}.Debug|Any CPU.Build.0 = Debug|Any CPU
		{D400171D-0426-43B8-A237-41FA50548426}.Release|Any CPU.ActiveCfg = Release|Any CPU
		{D400171D-0426-43B8-A237-41FA50548426}.Release|Any CPU.Build.0 = Release|Any CPU
		{05F2ED89-B58A-4644-91D2-F6C2E661703C}.Debug|Any CPU.ActiveCfg = Debug|Any CPU
		{05F2ED89-B58A-4644-91D2-F6C2E661703C}.Debug|Any CPU.Build.0 = Debug|Any CPU
		{05F2ED89-B58A-4644-91D2-F6C2E661703C}.Release|Any CPU.ActiveCfg = Release|Any CPU
		{05F2ED89-B58A-4644-91D2-F6C2E661703C}.Release|Any CPU.Build.0 = Release|Any CPU
		{E6062337-1860-4314-AFAF-68378E7BA331}.Debug|Any CPU.ActiveCfg = Debug|Any CPU
		{E6062337-1860-4314-AFAF-68378E7BA331}.Debug|Any CPU.Build.0 = Debug|Any CPU
		{E6062337-1860-4314-AFAF-68378E7BA331}.Release|Any CPU.ActiveCfg = Release|Any CPU
		{E6062337-1860-4314-AFAF-68378E7BA331}.Release|Any CPU.Build.0 = Release|Any CPU
		{E1F9EC70-CF52-43A2-A728-4CCF1C8EE81D}.Debug|Any CPU.ActiveCfg = Debug|Any CPU
		{E1F9EC70-CF52-43A2-A728-4CCF1C8EE81D}.Debug|Any CPU.Build.0 = Debug|Any CPU
		{E1F9EC70-CF52-43A2-A728-4CCF1C8EE81D}.Release|Any CPU.ActiveCfg = Release|Any CPU
		{E1F9EC70-CF52-43A2-A728-4CCF1C8EE81D}.Release|Any CPU.Build.0 = Release|Any CPU
	EndGlobalSection
	GlobalSection(SolutionProperties) = preSolution
		HideSolutionNode = FALSE
	EndGlobalSection
	GlobalSection(ExtensibilityGlobals) = postSolution
		SolutionGuid = {733F2C2D-426D-409E-B6D5-4151FF78998A}
	EndGlobalSection
EndGlobal
